
PODS: 
- CocoaLumberjack (1.6)
- GHUnitIOS (0.5.6)
- OCHamcrest (1.9)
- OCMock (2.0.1)

DEPENDENCIES: 
- CocoaLumberjack
- CocoaLumberjack
- GHUnitIOS
- OCHamcrest
- OCMock

SPEC CHECKSUMS: 
  OCHamcrest: f8393efd5a49d91879be573635d6183effacc0ab
  OCMock: 77a9c4c57af6bf258a537d34cf09abf422affede
  CocoaLumberjack: 0f2fa7090a23f13261072d882e017c688300efbe
  GHUnitIOS: bf149b2c44084eee2785ce4ac3675c3a699e509d

COCOAPODS: 0.15.2
